
Microsoft Visual Studio Solution File, Format Version 12.00
# Visual Studio Version 17
VisualStudioVersion = 17.1.32228.430
MinimumVisualStudioVersion = 10.0.40219.1
Project("{FAE04EC0-301F-11D3-BF4B-00C04F79EFBC}") = "hello", "hello\hello.csproj", "{18FAD99A-58E6-46DE-A4E6-6A46EFACF2C4}"
EndProject
Global
	GlobalSection(SolutionConfigurationPlatforms) = preSolution
		Debug|Any CPU = Debug|Any CPU
		Release|Any CPU = Release|Any CPU
	EndGlobalSection
	GlobalSection(ProjectConfigurationPlatforms) = postSolution
		{18FAD99A-58E6-46DE-A4E6-6A46EFACF2C4}.Debug|Any CPU.ActiveCfg = Debug|Any CPU
		{18FAD99A-58E6-46DE-A4E6-6A46EFACF2C4}.Debug|Any CPU.Build.0 = Debug|Any CPU
		{18FAD99A-58E6-46DE-A4E6-6A46EFACF2C4}.Release|Any CPU.ActiveCfg = Release|Any CPU
		{18FAD99A-58E6-46DE-A4E6-6A46EFACF2C4}.Release|Any CPU.Build.0 = Release|Any CPU
	EndGlobalSection
	GlobalSection(SolutionProperties) = preSolution
		HideSolutionNode = FALSE
	EndGlobalSection
	GlobalSection(ExtensibilityGlobals) = postSolution
		SolutionGuid = {499AEA54-89B8-492F-809F-1B09C1594159}
	EndGlobalSection
EndGlobal
